
Microsoft Visual Studio Solution File, Format Version 12.00
# Visual Studio Version 16
VisualStudioVersion = 16.0.30413.136
MinimumVisualStudioVersion = 10.0.40219.1
Project("{8BC9CEB8-8B4A-11D0-8D11-00A0C91BC942}") = "TCPServerNonBlocking", "TCPServerNonBlocking\TCPServerNonBlocking.vcxproj", "{B86BF6DC-BCF8-494D-B440-AFC3770A6FB7}"
EndProject
Project("{8BC9CEB8-8B4A-11D0-8D11-00A0C91BC942}") = "TCPClient", "TCPClient\TCPClient.vcxproj", "{61D12BB3-1E30-47A1-B7DE-2AB5DCA7E4D8}"
EndProject
Global
	GlobalSection(SolutionConfigurationPlatforms) = preSolution
		Debug|x64 = Debug|x64
		Debug|x86 = Debug|x86
		Release|x64 = Release|x64
		Release|x86 = Release|x86
	EndGlobalSection
	GlobalSection(ProjectConfigurationPlatforms) = postSolution
		{B86BF6DC-BCF8-494D-B440-AFC3770A6FB7}.Debug|x64.ActiveCfg = Debug|x64
		{B86BF6DC-BCF8-494D-B440-AFC3770A6FB7}.Debug|x64.Build.0 = Debug|x64
		{B86BF6DC-BCF8-494D-B440-AFC3770A6FB7}.Debug|x86.ActiveCfg = Debug|Win32
		{B86BF6DC-BCF8-494D-B440-AFC3770A6FB7}.Debug|x86.Build.0 = Debug|Win32
		{B86BF6DC-BCF8-494D-B440-AFC3770A6FB7}.Release|x64.ActiveCfg = Release|x64
		{B86BF6DC-BCF8-494D-B440-AFC3770A6FB7}.Release|x64.Build.0 = Release|x64
		{B86BF6DC-BCF8-494D-B440-AFC3770A6FB7}.Release|x86.ActiveCfg = Release|Win32
		{B86BF6DC-BCF8-494D-B440-AFC3770A6FB7}.Release|x86.Build.0 = Release|Win32
		{61D12BB3-1E30-47A1-B7DE-2AB5DCA7E4D8}.Debug|x64.ActiveCfg = Debug|x64
		{61D12BB3-1E30-47A1-B7DE-2AB5DCA7E4D8}.Debug|x64.Build.0 = Debug|x64
		{61D12BB3-1E30-47A1-B7DE-2AB5DCA7E4D8}.Debug|x86.ActiveCfg = Debug|Win32
		{61D12BB3-1E30-47A1-B7DE-2AB5DCA7E4D8}.Debug|x86.Build.0 = Debug|Win32
		{61D12BB3-1E30-47A1-B7DE-2AB5DCA7E4D8}.Release|x64.ActiveCfg = Release|x64
		{61D12BB3-1E30-47A1-B7DE-2AB5DCA7E4D8}.Release|x64.Build.0 = Release|x64
		{61D12BB3-1E30-47A1-B7DE-2AB5DCA7E4D8}.Release|x86.ActiveCfg = Release|Win32
		{61D12BB3-1E30-47A1-B7DE-2AB5DCA7E4D8}.Release|x86.Build.0 = Release|Win32
	EndGlobalSection
	GlobalSection(SolutionProperties) = preSolution
		HideSolutionNode = FALSE
	EndGlobalSection
	GlobalSection(ExtensibilityGlobals) = postSolution
		SolutionGuid = {FED8CD95-D13F-4E08-B3C7-A7A1D6E16B9E}
	EndGlobalSection
EndGlobal
